
Microsoft Visual Studio Solution File, Format Version 12.00
# Visual Studio Version 16
VisualStudioVersion = 16.0.31205.134
MinimumVisualStudioVersion = 10.0.40219.1
Project("{2150E333-8FDC-42A3-9474-1A3956D46DE8}") = "BlogManagement", "BlogManagement", "{EDC951BD-051C-408B-9EAC-A276C7885D04}"
EndProject
Project("{9A19103F-16F7-4668-BE54-9A1E7A4F7556}") = "Blog.Application", "Blog.Application\Blog.Application.csproj", "{133996C3-F89F-4A9A-8786-71603B6CD035}"
EndProject
Project("{9A19103F-16F7-4668-BE54-9A1E7A4F7556}") = "Blog.Domain", "Blog.Domain\Blog.Domain.csproj", "{BD679C4A-3080-4A9A-A33F-A2BD2B6A3F02}"
EndProject
Project("{9A19103F-16F7-4668-BE54-9A1E7A4F7556}") = "Blog.Infrastructure", "Blog.Infrastructure\Blog.Infrastructure.csproj", "{20958953-1D42-4700-84FB-12A9A3540220}"
EndProject
Project("{9A19103F-16F7-4668-BE54-9A1E7A4F7556}") = "Blog.Configuration", "Blog.Configuration\Blog.Configuration.csproj", "{9E551907-5367-4546-8415-22B46BB56B61}"
EndProject
Project("{2150E333-8FDC-42A3-9474-1A3956D46DE8}") = "src", "src", "{71758AFE-5E05-4F3D-978A-551641144540}"
EndProject
Project("{2150E333-8FDC-42A3-9474-1A3956D46DE8}") = "tests", "tests", "{973095C6-10CD-4696-9815-44875B31F4BB}"
EndProject
Project("{9A19103F-16F7-4668-BE54-9A1E7A4F7556}") = "Blog.Domain.Tests.Unit", "Blog.Domain.Tests.Unit\Blog.Domain.Tests.Unit.csproj", "{C59F8BEE-FD17-4AB9-912A-3A589C3F017E}"
EndProject
Project("{9A19103F-16F7-4668-BE54-9A1E7A4F7556}") = "Blog.Application.Tests.Integration", "Blog.Application.Tests.Integration\Blog.Application.Tests.Integration.csproj", "{253DBDD1-BF0B-40C9-A839-DF65A3C70CF7}"
EndProject
Project("{2150E333-8FDC-42A3-9474-1A3956D46DE8}") = "_EndPoints", "_EndPoints", "{FD5981D8-6590-45CA-8F24-AE50E82EAC2B}"
EndProject
Project("{9A19103F-16F7-4668-BE54-9A1E7A4F7556}") = "AdminPanel", "ServiceHost\AdminPanel.csproj", "{629A62CA-A02D-400B-AE20-65F0FBC189F5}"
EndProject
Project("{2150E333-8FDC-42A3-9474-1A3956D46DE8}") = "ShopManagement", "ShopManagement", "{463D7723-3C1D-4CCF-B779-B2348C47F5E6}"
EndProject
Project("{2150E333-8FDC-42A3-9474-1A3956D46DE8}") = "src", "src", "{B63BD8C6-1808-4DD8-9132-0C53280AF08D}"
EndProject
Project("{2150E333-8FDC-42A3-9474-1A3956D46DE8}") = "tests", "tests", "{3EF2233C-980D-49E5-A6D4-125D6E469810}"
EndProject
Project("{9A19103F-16F7-4668-BE54-9A1E7A4F7556}") = "Shop.Domain", "Shop.Domain\Shop.Domain.csproj", "{07C942DE-1BFE-4FBD-89CE-E69E69FADD43}"
EndProject
Project("{9A19103F-16F7-4668-BE54-9A1E7A4F7556}") = "Shop.Infrastructure.EF", "Shop.Infrastructure\Shop.Infrastructure.EF.csproj", "{BD4C66D3-DA54-429F-982C-ABF9F4AB666D}"
EndProject
Project("{2150E333-8FDC-42A3-9474-1A3956D46DE8}") = "_Common", "_Common", "{0E9E22C6-DA0A-4D03-92BE-73AED501B774}"
EndProject
Project("{9A19103F-16F7-4668-BE54-9A1E7A4F7556}") = "Common.Application", "Common.Application\Common.Application.csproj", "{529B227B-1022-4938-8D44-058E2467E58C}"
EndProject
Project("{9A19103F-16F7-4668-BE54-9A1E7A4F7556}") = "Common.Domain", "Common.Domain\Common.Domain.csproj", "{83343A19-1727-4679-9764-E98356DE7234}"
EndProject
Project("{9A19103F-16F7-4668-BE54-9A1E7A4F7556}") = "Shop.Application", "Shop.Application\Shop.Application.csproj", "{8E901A80-1A51-4108-8E72-43FC20CD28AD}"
EndProject
Project("{9A19103F-16F7-4668-BE54-9A1E7A4F7556}") = "Shop.Query", "Shop.Query\Shop.Query.csproj", "{9F102CC5-A310-422F-9188-B3FD73D877AE}"
EndProject
Project("{9A19103F-16F7-4668-BE54-9A1E7A4F7556}") = "Common.Core", "Common.Core\Common.Core.csproj", "{03745DDD-2C7E-4E0C-B0B2-D3B859195F39}"
EndProject
Project("{9A19103F-16F7-4668-BE54-9A1E7A4F7556}") = "Shop.Configuration", "Shop.Configuration\Shop.Configuration.csproj", "{A367353B-9EF1-4161-AD44-60A22C921E48}"
EndProject
Project("{FAE04EC0-301F-11D3-BF4B-00C04F79EFBC}") = "Common.EndPoints", "Common.EndPoints\Common.EndPoints.csproj", "{817F7FFA-23EA-4E06-827B-CCAF13074D6B}"
EndProject
Global
	GlobalSection(SolutionConfigurationPlatforms) = preSolution
		Debug|Any CPU = Debug|Any CPU
		Release|Any CPU = Release|Any CPU
	EndGlobalSection
	GlobalSection(ProjectConfigurationPlatforms) = postSolution
		{133996C3-F89F-4A9A-8786-71603B6CD035}.Debug|Any CPU.ActiveCfg = Debug|Any CPU
		{133996C3-F89F-4A9A-8786-71603B6CD035}.Debug|Any CPU.Build.0 = Debug|Any CPU
		{133996C3-F89F-4A9A-8786-71603B6CD035}.Release|Any CPU.ActiveCfg = Release|Any CPU
		{133996C3-F89F-4A9A-8786-71603B6CD035}.Release|Any CPU.Build.0 = Release|Any CPU
		{BD679C4A-3080-4A9A-A33F-A2BD2B6A3F02}.Debug|Any CPU.ActiveCfg = Debug|Any CPU
		{BD679C4A-3080-4A9A-A33F-A2BD2B6A3F02}.Debug|Any CPU.Build.0 = Debug|Any CPU
		{BD679C4A-3080-4A9A-A33F-A2BD2B6A3F02}.Release|Any CPU.ActiveCfg = Release|Any CPU
		{BD679C4A-3080-4A9A-A33F-A2BD2B6A3F02}.Release|Any CPU.Build.0 = Release|Any CPU
		{20958953-1D42-4700-84FB-12A9A3540220}.Debug|Any CPU.ActiveCfg = Debug|Any CPU
		{20958953-1D42-4700-84FB-12A9A3540220}.Debug|Any CPU.Build.0 = Debug|Any CPU
		{20958953-1D42-4700-84FB-12A9A3540220}.Release|Any CPU.ActiveCfg = Release|Any CPU
		{20958953-1D42-4700-84FB-12A9A3540220}.Release|Any CPU.Build.0 = Release|Any CPU
		{9E551907-5367-4546-8415-22B46BB56B61}.Debug|Any CPU.ActiveCfg = Debug|Any CPU
		{9E551907-5367-4546-8415-22B46BB56B61}.Debug|Any CPU.Build.0 = Debug|Any CPU
		{9E551907-5367-4546-8415-22B46BB56B61}.Release|Any CPU.ActiveCfg = Release|Any CPU
		{9E551907-5367-4546-8415-22B46BB56B61}.Release|Any CPU.Build.0 = Release|Any CPU
		{C59F8BEE-FD17-4AB9-912A-3A589C3F017E}.Debug|Any CPU.ActiveCfg = Debug|Any CPU
		{C59F8BEE-FD17-4AB9-912A-3A589C3F017E}.Debug|Any CPU.Build.0 = Debug|Any CPU
		{C59F8BEE-FD17-4AB9-912A-3A589C3F017E}.Release|Any CPU.ActiveCfg = Release|Any CPU
		{C59F8BEE-FD17-4AB9-912A-3A589C3F017E}.Release|Any CPU.Build.0 = Release|Any CPU
		{253DBDD1-BF0B-40C9-A839-DF65A3C70CF7}.Debug|Any CPU.ActiveCfg = Debug|Any CPU
		{253DBDD1-BF0B-40C9-A839-DF65A3C70CF7}.Debug|Any CPU.Build.0 = Debug|Any CPU
		{253DBDD1-BF0B-40C9-A839-DF65A3C70CF7}.Release|Any CPU.ActiveCfg = Release|Any CPU
		{253DBDD1-BF0B-40C9-A839-DF65A3C70CF7}.Release|Any CPU.Build.0 = Release|Any CPU
		{629A62CA-A02D-400B-AE20-65F0FBC189F5}.Debug|Any CPU.ActiveCfg = Debug|Any CPU
		{629A62CA-A02D-400B-AE20-65F0FBC189F5}.Debug|Any CPU.Build.0 = Debug|Any CPU
		{629A62CA-A02D-400B-AE20-65F0FBC189F5}.Release|Any CPU.ActiveCfg = Release|Any CPU
		{629A62CA-A02D-400B-AE20-65F0FBC189F5}.Release|Any CPU.Build.0 = Release|Any CPU
		{07C942DE-1BFE-4FBD-89CE-E69E69FADD43}.Debug|Any CPU.ActiveCfg = Debug|Any CPU
		{07C942DE-1BFE-4FBD-89CE-E69E69FADD43}.Debug|Any CPU.Build.0 = Debug|Any CPU
		{07C942DE-1BFE-4FBD-89CE-E69E69FADD43}.Release|Any CPU.ActiveCfg = Release|Any CPU
		{07C942DE-1BFE-4FBD-89CE-E69E69FADD43}.Release|Any CPU.Build.0 = Release|Any CPU
		{BD4C66D3-DA54-429F-982C-ABF9F4AB666D}.Debug|Any CPU.ActiveCfg = Debug|Any CPU
		{BD4C66D3-DA54-429F-982C-ABF9F4AB666D}.Debug|Any CPU.Build.0 = Debug|Any CPU
		{BD4C66D3-DA54-429F-982C-ABF9F4AB666D}.Release|Any CPU.ActiveCfg = Release|Any CPU
		{BD4C66D3-DA54-429F-982C-ABF9F4AB666D}.Release|Any CPU.Build.0 = Release|Any CPU
		{529B227B-1022-4938-8D44-058E2467E58C}.Debug|Any CPU.ActiveCfg = Debug|Any CPU
		{529B227B-1022-4938-8D44-058E2467E58C}.Debug|Any CPU.Build.0 = Debug|Any CPU
		{529B227B-1022-4938-8D44-058E2467E58C}.Release|Any CPU.ActiveCfg = Release|Any CPU
		{529B227B-1022-4938-8D44-058E2467E58C}.Release|Any CPU.Build.0 = Release|Any CPU
		{83343A19-1727-4679-9764-E98356DE7234}.Debug|Any CPU.ActiveCfg = Debug|Any CPU
		{83343A19-1727-4679-9764-E98356DE7234}.Debug|Any CPU.Build.0 = Debug|Any CPU
		{83343A19-1727-4679-9764-E98356DE7234}.Release|Any CPU.ActiveCfg = Release|Any CPU
		{83343A19-1727-4679-9764-E98356DE7234}.Release|Any CPU.Build.0 = Release|Any CPU
		{8E901A80-1A51-4108-8E72-43FC20CD28AD}.Debug|Any CPU.ActiveCfg = Debug|Any CPU
		{8E901A80-1A51-4108-8E72-43FC20CD28AD}.Debug|Any CPU.Build.0 = Debug|Any CPU
		{8E901A80-1A51-4108-8E72-43FC20CD28AD}.Release|Any CPU.ActiveCfg = Release|Any CPU
		{8E901A80-1A51-4108-8E72-43FC20CD28AD}.Release|Any CPU.Build.0 = Release|Any CPU
		{9F102CC5-A310-422F-9188-B3FD73D877AE}.Debug|Any CPU.ActiveCfg = Debug|Any CPU
		{9F102CC5-A310-422F-9188-B3FD73D877AE}.Debug|Any CPU.Build.0 = Debug|Any CPU
		{9F102CC5-A310-422F-9188-B3FD73D877AE}.Release|Any CPU.ActiveCfg = Release|Any CPU
		{9F102CC5-A310-422F-9188-B3FD73D877AE}.Release|Any CPU.Build.0 = Release|Any CPU
		{03745DDD-2C7E-4E0C-B0B2-D3B859195F39}.Debug|Any CPU.ActiveCfg = Debug|Any CPU
		{03745DDD-2C7E-4E0C-B0B2-D3B859195F39}.Debug|Any CPU.Build.0 = Debug|Any CPU
		{03745DDD-2C7E-4E0C-B0B2-D3B859195F39}.Release|Any CPU.ActiveCfg = Release|Any CPU
		{03745DDD-2C7E-4E0C-B0B2-D3B859195F39}.Release|Any CPU.Build.0 = Release|Any CPU
		{A367353B-9EF1-4161-AD44-60A22C921E48}.Debug|Any CPU.ActiveCfg = Debug|Any CPU
		{A367353B-9EF1-4161-AD44-60A22C921E48}.Debug|Any CPU.Build.0 = Debug|Any CPU
		{A367353B-9EF1-4161-AD44-60A22C921E48}.Release|Any CPU.ActiveCfg = Release|Any CPU
		{A367353B-9EF1-4161-AD44-60A22C921E48}.Release|Any CPU.Build.0 = Release|Any CPU
		{817F7FFA-23EA-4E06-827B-CCAF13074D6B}.Debug|Any CPU.ActiveCfg = Debug|Any CPU
		{817F7FFA-23EA-4E06-827B-CCAF13074D6B}.Debug|Any CPU.Build.0 = Debug|Any CPU
		{817F7FFA-23EA-4E06-827B-CCAF13074D6B}.Release|Any CPU.ActiveCfg = Release|Any CPU
		{817F7FFA-23EA-4E06-827B-CCAF13074D6B}.Release|Any CPU.Build.0 = Release|Any CPU
	EndGlobalSection
	GlobalSection(SolutionProperties) = preSolution
		HideSolutionNode = FALSE
	EndGlobalSection
	GlobalSection(NestedProjects) = preSolution
		{133996C3-F89F-4A9A-8786-71603B6CD035} = {71758AFE-5E05-4F3D-978A-551641144540}
		{BD679C4A-3080-4A9A-A33F-A2BD2B6A3F02} = {71758AFE-5E05-4F3D-978A-551641144540}
		{20958953-1D42-4700-84FB-12A9A3540220} = {71758AFE-5E05-4F3D-978A-551641144540}
		{9E551907-5367-4546-8415-22B46BB56B61} = {71758AFE-5E05-4F3D-978A-551641144540}
		{71758AFE-5E05-4F3D-978A-551641144540} = {EDC951BD-051C-408B-9EAC-A276C7885D04}
		{973095C6-10CD-4696-9815-44875B31F4BB} = {EDC951BD-051C-408B-9EAC-A276C7885D04}
		{C59F8BEE-FD17-4AB9-912A-3A589C3F017E} = {973095C6-10CD-4696-9815-44875B31F4BB}
		{253DBDD1-BF0B-40C9-A839-DF65A3C70CF7} = {973095C6-10CD-4696-9815-44875B31F4BB}
		{629A62CA-A02D-400B-AE20-65F0FBC189F5} = {FD5981D8-6590-45CA-8F24-AE50E82EAC2B}
		{B63BD8C6-1808-4DD8-9132-0C53280AF08D} = {463D7723-3C1D-4CCF-B779-B2348C47F5E6}
		{3EF2233C-980D-49E5-A6D4-125D6E469810} = {463D7723-3C1D-4CCF-B779-B2348C47F5E6}
		{07C942DE-1BFE-4FBD-89CE-E69E69FADD43} = {B63BD8C6-1808-4DD8-9132-0C53280AF08D}
		{BD4C66D3-DA54-429F-982C-ABF9F4AB666D} = {B63BD8C6-1808-4DD8-9132-0C53280AF08D}
		{529B227B-1022-4938-8D44-058E2467E58C} = {0E9E22C6-DA0A-4D03-92BE-73AED501B774}
		{83343A19-1727-4679-9764-E98356DE7234} = {0E9E22C6-DA0A-4D03-92BE-73AED501B774}
		{8E901A80-1A51-4108-8E72-43FC20CD28AD} = {B63BD8C6-1808-4DD8-9132-0C53280AF08D}
		{9F102CC5-A310-422F-9188-B3FD73D877AE} = {B63BD8C6-1808-4DD8-9132-0C53280AF08D}
		{03745DDD-2C7E-4E0C-B0B2-D3B859195F39} = {0E9E22C6-DA0A-4D03-92BE-73AED501B774}
		{A367353B-9EF1-4161-AD44-60A22C921E48} = {B63BD8C6-1808-4DD8-9132-0C53280AF08D}
		{817F7FFA-23EA-4E06-827B-CCAF13074D6B} = {0E9E22C6-DA0A-4D03-92BE-73AED501B774}
	EndGlobalSection
	GlobalSection(ExtensibilityGlobals) = postSolution
		SolutionGuid = {9FB5AF65-0DAC-411D-9428-4342FF29D157}
	EndGlobalSection
EndGlobal
