
Microsoft Visual Studio Solution File, Format Version 12.00
# Visual Studio Version 16
VisualStudioVersion = 16.0.31205.134
MinimumVisualStudioVersion = 10.0.40219.1
Project("{2150E333-8FDC-42A3-9474-1A3956D46DE8}") = "BlogManagement", "BlogManagement", "{EDC951BD-051C-408B-9EAC-A276C7885D04}"
EndProject
Project("{9A19103F-16F7-4668-BE54-9A1E7A4F7556}") = "Blog.Application", "Blog.Application\Blog.Application.csproj", "{133996C3-F89F-4A9A-8786-71603B6CD035}"
EndProject
Project("{9A19103F-16F7-4668-BE54-9A1E7A4F7556}") = "Blog.Domain", "Blog.Domain\Blog.Domain.csproj", "{BD679C4A-3080-4A9A-A33F-A2BD2B6A3F02}"
EndProject
Project("{9A19103F-16F7-4668-BE54-9A1E7A4F7556}") = "Blog.Infrastructure", "Blog.Infrastructure\Blog.Infrastructure.csproj", "{20958953-1D42-4700-84FB-12A9A3540220}"
EndProject
Project("{9A19103F-16F7-4668-BE54-9A1E7A4F7556}") = "framework", "Framwork\framework.csproj", "{381B91EF-FBD1-48B4-ABBD-193FEBB47CDD}"
EndProject
Project("{9A19103F-16F7-4668-BE54-9A1E7A4F7556}") = "Blog.Configuration", "Blog.Configuration\Blog.Configuration.csproj", "{9E551907-5367-4546-8415-22B46BB56B61}"
EndProject
Project("{2150E333-8FDC-42A3-9474-1A3956D46DE8}") = "src", "src", "{71758AFE-5E05-4F3D-978A-551641144540}"
EndProject
Project("{2150E333-8FDC-42A3-9474-1A3956D46DE8}") = "tests", "tests", "{973095C6-10CD-4696-9815-44875B31F4BB}"
EndProject
Project("{9A19103F-16F7-4668-BE54-9A1E7A4F7556}") = "_DomainUtils", "_DomainUtils\_DomainUtils.csproj", "{5B8A64B0-62E1-4454-8873-84C4E0EB0EE4}"
EndProject
Global
	GlobalSection(SolutionConfigurationPlatforms) = preSolution
		Debug|Any CPU = Debug|Any CPU
		Release|Any CPU = Release|Any CPU
	EndGlobalSection
	GlobalSection(ProjectConfigurationPlatforms) = postSolution
		{133996C3-F89F-4A9A-8786-71603B6CD035}.Debug|Any CPU.ActiveCfg = Debug|Any CPU
		{133996C3-F89F-4A9A-8786-71603B6CD035}.Debug|Any CPU.Build.0 = Debug|Any CPU
		{133996C3-F89F-4A9A-8786-71603B6CD035}.Release|Any CPU.ActiveCfg = Release|Any CPU
		{133996C3-F89F-4A9A-8786-71603B6CD035}.Release|Any CPU.Build.0 = Release|Any CPU
		{BD679C4A-3080-4A9A-A33F-A2BD2B6A3F02}.Debug|Any CPU.ActiveCfg = Debug|Any CPU
		{BD679C4A-3080-4A9A-A33F-A2BD2B6A3F02}.Debug|Any CPU.Build.0 = Debug|Any CPU
		{BD679C4A-3080-4A9A-A33F-A2BD2B6A3F02}.Release|Any CPU.ActiveCfg = Release|Any CPU
		{BD679C4A-3080-4A9A-A33F-A2BD2B6A3F02}.Release|Any CPU.Build.0 = Release|Any CPU
		{20958953-1D42-4700-84FB-12A9A3540220}.Debug|Any CPU.ActiveCfg = Debug|Any CPU
		{20958953-1D42-4700-84FB-12A9A3540220}.Debug|Any CPU.Build.0 = Debug|Any CPU
		{20958953-1D42-4700-84FB-12A9A3540220}.Release|Any CPU.ActiveCfg = Release|Any CPU
		{20958953-1D42-4700-84FB-12A9A3540220}.Release|Any CPU.Build.0 = Release|Any CPU
		{381B91EF-FBD1-48B4-ABBD-193FEBB47CDD}.Debug|Any CPU.ActiveCfg = Debug|Any CPU
		{381B91EF-FBD1-48B4-ABBD-193FEBB47CDD}.Debug|Any CPU.Build.0 = Debug|Any CPU
		{381B91EF-FBD1-48B4-ABBD-193FEBB47CDD}.Release|Any CPU.ActiveCfg = Release|Any CPU
		{381B91EF-FBD1-48B4-ABBD-193FEBB47CDD}.Release|Any CPU.Build.0 = Release|Any CPU
		{9E551907-5367-4546-8415-22B46BB56B61}.Debug|Any CPU.ActiveCfg = Debug|Any CPU
		{9E551907-5367-4546-8415-22B46BB56B61}.Debug|Any CPU.Build.0 = Debug|Any CPU
		{9E551907-5367-4546-8415-22B46BB56B61}.Release|Any CPU.ActiveCfg = Release|Any CPU
		{9E551907-5367-4546-8415-22B46BB56B61}.Release|Any CPU.Build.0 = Release|Any CPU
		{5B8A64B0-62E1-4454-8873-84C4E0EB0EE4}.Debug|Any CPU.ActiveCfg = Debug|Any CPU
		{5B8A64B0-62E1-4454-8873-84C4E0EB0EE4}.Debug|Any CPU.Build.0 = Debug|Any CPU
		{5B8A64B0-62E1-4454-8873-84C4E0EB0EE4}.Release|Any CPU.ActiveCfg = Release|Any CPU
		{5B8A64B0-62E1-4454-8873-84C4E0EB0EE4}.Release|Any CPU.Build.0 = Release|Any CPU
	EndGlobalSection
	GlobalSection(SolutionProperties) = preSolution
		HideSolutionNode = FALSE
	EndGlobalSection
	GlobalSection(NestedProjects) = preSolution
		{133996C3-F89F-4A9A-8786-71603B6CD035} = {71758AFE-5E05-4F3D-978A-551641144540}
		{BD679C4A-3080-4A9A-A33F-A2BD2B6A3F02} = {71758AFE-5E05-4F3D-978A-551641144540}
		{20958953-1D42-4700-84FB-12A9A3540220} = {71758AFE-5E05-4F3D-978A-551641144540}
		{9E551907-5367-4546-8415-22B46BB56B61} = {71758AFE-5E05-4F3D-978A-551641144540}
		{71758AFE-5E05-4F3D-978A-551641144540} = {EDC951BD-051C-408B-9EAC-A276C7885D04}
		{973095C6-10CD-4696-9815-44875B31F4BB} = {EDC951BD-051C-408B-9EAC-A276C7885D04}
	EndGlobalSection
	GlobalSection(ExtensibilityGlobals) = postSolution
		SolutionGuid = {9FB5AF65-0DAC-411D-9428-4342FF29D157}
	EndGlobalSection
EndGlobal
