
Microsoft Visual Studio Solution File, Format Version 12.00
# Visual Studio Version 16
VisualStudioVersion = 16.0.31205.134
MinimumVisualStudioVersion = 10.0.40219.1
Project("{2150E333-8FDC-42A3-9474-1A3956D46DE8}") = "BlogManagement", "BlogManagement", "{EDC951BD-051C-408B-9EAC-A276C7885D04}"
EndProject
Project("{2150E333-8FDC-42A3-9474-1A3956D46DE8}") = "ShopManagement", "ShopManagement", "{4F77F209-836F-406F-A177-B41A12706221}"
EndProject
Project("{2150E333-8FDC-42A3-9474-1A3956D46DE8}") = "AccountManagement", "AccountManagement", "{23F5F549-3084-4FB2-BF19-D1BF4F52D845}"
EndProject
Project("{9A19103F-16F7-4668-BE54-9A1E7A4F7556}") = "ServiceHost", "ServiceHost\ServiceHost.csproj", "{589CAD44-E37E-4545-8C5D-1A3AA2DE5EB7}"
EndProject
Project("{9A19103F-16F7-4668-BE54-9A1E7A4F7556}") = "Account.Domain", "Account.Domain\Account.Domain.csproj", "{0A8237C9-8198-420A-BDE8-96EF32589D78}"
EndProject
Project("{9A19103F-16F7-4668-BE54-9A1E7A4F7556}") = "Account.Application", "Account.Application\Account.Application.csproj", "{6EA9397A-9F81-4F00-ACA5-54D039258F6D}"
EndProject
Project("{9A19103F-16F7-4668-BE54-9A1E7A4F7556}") = "Account.Infrastructure", "Account.Infrastructure\Account.Infrastructure.csproj", "{9D2231D6-D6DD-4C50-B46C-92EDC51C4E3E}"
EndProject
Project("{9A19103F-16F7-4668-BE54-9A1E7A4F7556}") = "Blog.Application", "Blog.Application\Blog.Application.csproj", "{133996C3-F89F-4A9A-8786-71603B6CD035}"
EndProject
Project("{9A19103F-16F7-4668-BE54-9A1E7A4F7556}") = "Blog.Domain", "Blog.Domain\Blog.Domain.csproj", "{BD679C4A-3080-4A9A-A33F-A2BD2B6A3F02}"
EndProject
Project("{9A19103F-16F7-4668-BE54-9A1E7A4F7556}") = "Blog.Infrastructure", "Blog.Infrastructure\Blog.Infrastructure.csproj", "{20958953-1D42-4700-84FB-12A9A3540220}"
EndProject
Project("{9A19103F-16F7-4668-BE54-9A1E7A4F7556}") = "Shop.Domain", "Shop.Domain\Shop.Domain.csproj", "{E8277ED3-8F71-4C36-B555-B628E55AD4CB}"
EndProject
Project("{9A19103F-16F7-4668-BE54-9A1E7A4F7556}") = "Shop.Infrastructure", "Shop.Infrastructure\Shop.Infrastructure.csproj", "{B3564CE8-00B1-40E4-97C9-F3118128F0C2}"
EndProject
Project("{9A19103F-16F7-4668-BE54-9A1E7A4F7556}") = "Shop.Application", "Shop.Application\Shop.Application.csproj", "{87A01A90-AD94-443D-A135-11A92D01AD77}"
EndProject
Project("{9A19103F-16F7-4668-BE54-9A1E7A4F7556}") = "Account.Configuration", "Account.Application.Configur\Account.Configuration.csproj", "{3747DB8C-E04D-4734-9C61-5839C17491CC}"
EndProject
Project("{9A19103F-16F7-4668-BE54-9A1E7A4F7556}") = "framework", "Framwork\framework.csproj", "{381B91EF-FBD1-48B4-ABBD-193FEBB47CDD}"
EndProject
Project("{9A19103F-16F7-4668-BE54-9A1E7A4F7556}") = "Blog.Configuration", "Blog.Configuration\Blog.Configuration.csproj", "{9E551907-5367-4546-8415-22B46BB56B61}"
EndProject
Project("{2150E333-8FDC-42A3-9474-1A3956D46DE8}") = "src", "src", "{B8EFC4ED-A531-4656-9265-83ECBAF6C969}"
EndProject
Project("{2150E333-8FDC-42A3-9474-1A3956D46DE8}") = "tests", "tests", "{1D74A887-8A36-4399-A9D3-C8B70B503C35}"
EndProject
Project("{2150E333-8FDC-42A3-9474-1A3956D46DE8}") = "src", "src", "{71758AFE-5E05-4F3D-978A-551641144540}"
EndProject
Project("{2150E333-8FDC-42A3-9474-1A3956D46DE8}") = "tests", "tests", "{973095C6-10CD-4696-9815-44875B31F4BB}"
EndProject
Project("{2150E333-8FDC-42A3-9474-1A3956D46DE8}") = "src", "src", "{8BEFFCDD-AF79-4862-95FC-D3806CC633E2}"
EndProject
Project("{2150E333-8FDC-42A3-9474-1A3956D46DE8}") = "tests", "tests", "{3BB14B3E-235B-4FF3-9587-1522A37DF8E3}"
EndProject
Project("{9A19103F-16F7-4668-BE54-9A1E7A4F7556}") = "Account.Application.Tests", "AccountManagment.Application.Test.Unit\Account.Application.Tests.csproj", "{AA30ED67-9EC6-45D0-8085-92DD6F6F50FF}"
EndProject
Global
	GlobalSection(SolutionConfigurationPlatforms) = preSolution
		Debug|Any CPU = Debug|Any CPU
		Release|Any CPU = Release|Any CPU
	EndGlobalSection
	GlobalSection(ProjectConfigurationPlatforms) = postSolution
		{589CAD44-E37E-4545-8C5D-1A3AA2DE5EB7}.Debug|Any CPU.ActiveCfg = Debug|Any CPU
		{589CAD44-E37E-4545-8C5D-1A3AA2DE5EB7}.Debug|Any CPU.Build.0 = Debug|Any CPU
		{589CAD44-E37E-4545-8C5D-1A3AA2DE5EB7}.Release|Any CPU.ActiveCfg = Release|Any CPU
		{589CAD44-E37E-4545-8C5D-1A3AA2DE5EB7}.Release|Any CPU.Build.0 = Release|Any CPU
		{0A8237C9-8198-420A-BDE8-96EF32589D78}.Debug|Any CPU.ActiveCfg = Debug|Any CPU
		{0A8237C9-8198-420A-BDE8-96EF32589D78}.Debug|Any CPU.Build.0 = Debug|Any CPU
		{0A8237C9-8198-420A-BDE8-96EF32589D78}.Release|Any CPU.ActiveCfg = Release|Any CPU
		{0A8237C9-8198-420A-BDE8-96EF32589D78}.Release|Any CPU.Build.0 = Release|Any CPU
		{6EA9397A-9F81-4F00-ACA5-54D039258F6D}.Debug|Any CPU.ActiveCfg = Debug|Any CPU
		{6EA9397A-9F81-4F00-ACA5-54D039258F6D}.Debug|Any CPU.Build.0 = Debug|Any CPU
		{6EA9397A-9F81-4F00-ACA5-54D039258F6D}.Release|Any CPU.ActiveCfg = Release|Any CPU
		{6EA9397A-9F81-4F00-ACA5-54D039258F6D}.Release|Any CPU.Build.0 = Release|Any CPU
		{9D2231D6-D6DD-4C50-B46C-92EDC51C4E3E}.Debug|Any CPU.ActiveCfg = Debug|Any CPU
		{9D2231D6-D6DD-4C50-B46C-92EDC51C4E3E}.Debug|Any CPU.Build.0 = Debug|Any CPU
		{9D2231D6-D6DD-4C50-B46C-92EDC51C4E3E}.Release|Any CPU.ActiveCfg = Release|Any CPU
		{9D2231D6-D6DD-4C50-B46C-92EDC51C4E3E}.Release|Any CPU.Build.0 = Release|Any CPU
		{133996C3-F89F-4A9A-8786-71603B6CD035}.Debug|Any CPU.ActiveCfg = Debug|Any CPU
		{133996C3-F89F-4A9A-8786-71603B6CD035}.Debug|Any CPU.Build.0 = Debug|Any CPU
		{133996C3-F89F-4A9A-8786-71603B6CD035}.Release|Any CPU.ActiveCfg = Release|Any CPU
		{133996C3-F89F-4A9A-8786-71603B6CD035}.Release|Any CPU.Build.0 = Release|Any CPU
		{BD679C4A-3080-4A9A-A33F-A2BD2B6A3F02}.Debug|Any CPU.ActiveCfg = Debug|Any CPU
		{BD679C4A-3080-4A9A-A33F-A2BD2B6A3F02}.Debug|Any CPU.Build.0 = Debug|Any CPU
		{BD679C4A-3080-4A9A-A33F-A2BD2B6A3F02}.Release|Any CPU.ActiveCfg = Release|Any CPU
		{BD679C4A-3080-4A9A-A33F-A2BD2B6A3F02}.Release|Any CPU.Build.0 = Release|Any CPU
		{20958953-1D42-4700-84FB-12A9A3540220}.Debug|Any CPU.ActiveCfg = Debug|Any CPU
		{20958953-1D42-4700-84FB-12A9A3540220}.Debug|Any CPU.Build.0 = Debug|Any CPU
		{20958953-1D42-4700-84FB-12A9A3540220}.Release|Any CPU.ActiveCfg = Release|Any CPU
		{20958953-1D42-4700-84FB-12A9A3540220}.Release|Any CPU.Build.0 = Release|Any CPU
		{E8277ED3-8F71-4C36-B555-B628E55AD4CB}.Debug|Any CPU.ActiveCfg = Debug|Any CPU
		{E8277ED3-8F71-4C36-B555-B628E55AD4CB}.Debug|Any CPU.Build.0 = Debug|Any CPU
		{E8277ED3-8F71-4C36-B555-B628E55AD4CB}.Release|Any CPU.ActiveCfg = Release|Any CPU
		{E8277ED3-8F71-4C36-B555-B628E55AD4CB}.Release|Any CPU.Build.0 = Release|Any CPU
		{B3564CE8-00B1-40E4-97C9-F3118128F0C2}.Debug|Any CPU.ActiveCfg = Debug|Any CPU
		{B3564CE8-00B1-40E4-97C9-F3118128F0C2}.Debug|Any CPU.Build.0 = Debug|Any CPU
		{B3564CE8-00B1-40E4-97C9-F3118128F0C2}.Release|Any CPU.ActiveCfg = Release|Any CPU
		{B3564CE8-00B1-40E4-97C9-F3118128F0C2}.Release|Any CPU.Build.0 = Release|Any CPU
		{87A01A90-AD94-443D-A135-11A92D01AD77}.Debug|Any CPU.ActiveCfg = Debug|Any CPU
		{87A01A90-AD94-443D-A135-11A92D01AD77}.Debug|Any CPU.Build.0 = Debug|Any CPU
		{87A01A90-AD94-443D-A135-11A92D01AD77}.Release|Any CPU.ActiveCfg = Release|Any CPU
		{87A01A90-AD94-443D-A135-11A92D01AD77}.Release|Any CPU.Build.0 = Release|Any CPU
		{3747DB8C-E04D-4734-9C61-5839C17491CC}.Debug|Any CPU.ActiveCfg = Debug|Any CPU
		{3747DB8C-E04D-4734-9C61-5839C17491CC}.Debug|Any CPU.Build.0 = Debug|Any CPU
		{3747DB8C-E04D-4734-9C61-5839C17491CC}.Release|Any CPU.ActiveCfg = Release|Any CPU
		{3747DB8C-E04D-4734-9C61-5839C17491CC}.Release|Any CPU.Build.0 = Release|Any CPU
		{381B91EF-FBD1-48B4-ABBD-193FEBB47CDD}.Debug|Any CPU.ActiveCfg = Debug|Any CPU
		{381B91EF-FBD1-48B4-ABBD-193FEBB47CDD}.Debug|Any CPU.Build.0 = Debug|Any CPU
		{381B91EF-FBD1-48B4-ABBD-193FEBB47CDD}.Release|Any CPU.ActiveCfg = Release|Any CPU
		{381B91EF-FBD1-48B4-ABBD-193FEBB47CDD}.Release|Any CPU.Build.0 = Release|Any CPU
		{9E551907-5367-4546-8415-22B46BB56B61}.Debug|Any CPU.ActiveCfg = Debug|Any CPU
		{9E551907-5367-4546-8415-22B46BB56B61}.Debug|Any CPU.Build.0 = Debug|Any CPU
		{9E551907-5367-4546-8415-22B46BB56B61}.Release|Any CPU.ActiveCfg = Release|Any CPU
		{9E551907-5367-4546-8415-22B46BB56B61}.Release|Any CPU.Build.0 = Release|Any CPU
		{AA30ED67-9EC6-45D0-8085-92DD6F6F50FF}.Debug|Any CPU.ActiveCfg = Debug|Any CPU
		{AA30ED67-9EC6-45D0-8085-92DD6F6F50FF}.Debug|Any CPU.Build.0 = Debug|Any CPU
		{AA30ED67-9EC6-45D0-8085-92DD6F6F50FF}.Release|Any CPU.ActiveCfg = Release|Any CPU
		{AA30ED67-9EC6-45D0-8085-92DD6F6F50FF}.Release|Any CPU.Build.0 = Release|Any CPU
	EndGlobalSection
	GlobalSection(SolutionProperties) = preSolution
		HideSolutionNode = FALSE
	EndGlobalSection
	GlobalSection(NestedProjects) = preSolution
		{0A8237C9-8198-420A-BDE8-96EF32589D78} = {B8EFC4ED-A531-4656-9265-83ECBAF6C969}
		{6EA9397A-9F81-4F00-ACA5-54D039258F6D} = {B8EFC4ED-A531-4656-9265-83ECBAF6C969}
		{9D2231D6-D6DD-4C50-B46C-92EDC51C4E3E} = {B8EFC4ED-A531-4656-9265-83ECBAF6C969}
		{133996C3-F89F-4A9A-8786-71603B6CD035} = {71758AFE-5E05-4F3D-978A-551641144540}
		{BD679C4A-3080-4A9A-A33F-A2BD2B6A3F02} = {71758AFE-5E05-4F3D-978A-551641144540}
		{20958953-1D42-4700-84FB-12A9A3540220} = {71758AFE-5E05-4F3D-978A-551641144540}
		{E8277ED3-8F71-4C36-B555-B628E55AD4CB} = {8BEFFCDD-AF79-4862-95FC-D3806CC633E2}
		{B3564CE8-00B1-40E4-97C9-F3118128F0C2} = {8BEFFCDD-AF79-4862-95FC-D3806CC633E2}
		{87A01A90-AD94-443D-A135-11A92D01AD77} = {8BEFFCDD-AF79-4862-95FC-D3806CC633E2}
		{3747DB8C-E04D-4734-9C61-5839C17491CC} = {B8EFC4ED-A531-4656-9265-83ECBAF6C969}
		{9E551907-5367-4546-8415-22B46BB56B61} = {71758AFE-5E05-4F3D-978A-551641144540}
		{B8EFC4ED-A531-4656-9265-83ECBAF6C969} = {23F5F549-3084-4FB2-BF19-D1BF4F52D845}
		{1D74A887-8A36-4399-A9D3-C8B70B503C35} = {23F5F549-3084-4FB2-BF19-D1BF4F52D845}
		{71758AFE-5E05-4F3D-978A-551641144540} = {EDC951BD-051C-408B-9EAC-A276C7885D04}
		{973095C6-10CD-4696-9815-44875B31F4BB} = {EDC951BD-051C-408B-9EAC-A276C7885D04}
		{8BEFFCDD-AF79-4862-95FC-D3806CC633E2} = {4F77F209-836F-406F-A177-B41A12706221}
		{3BB14B3E-235B-4FF3-9587-1522A37DF8E3} = {4F77F209-836F-406F-A177-B41A12706221}
		{AA30ED67-9EC6-45D0-8085-92DD6F6F50FF} = {1D74A887-8A36-4399-A9D3-C8B70B503C35}
	EndGlobalSection
	GlobalSection(ExtensibilityGlobals) = postSolution
		SolutionGuid = {9FB5AF65-0DAC-411D-9428-4342FF29D157}
	EndGlobalSection
EndGlobal
